// !$*UTF8*$!
{
	archiveVersion = 1;
	classes = {
	};
	objectVersion = 46;
	objects = {

/* Begin PBXBuildFile section */
		8763547F1D043F410091A029 /* main.m in Sources */ = {isa = PBXBuildFile; fileRef = 8763547E1D043F410091A029 /* main.m */; };
		876354821D043F410091A029 /* AppDelegate.m in Sources */ = {isa = PBXBuildFile; fileRef = 876354811D043F410091A029 /* AppDelegate.m */; };
		876354851D043F410091A029 /* FirstViewController.m in Sources */ = {isa = PBXBuildFile; fileRef = 876354841D043F410091A029 /* FirstViewController.m */; };
		876354881D043F410091A029 /* SecondViewController.m in Sources */ = {isa = PBXBuildFile; fileRef = 876354871D043F410091A029 /* SecondViewController.m */; };
		8763548B1D043F410091A029 /* Main.storyboard in Resources */ = {isa = PBXBuildFile; fileRef = 876354891D043F410091A029 /* Main.storyboard */; };
		8763548D1D043F410091A029 /* Images.xcassets in Resources */ = {isa = PBXBuildFile; fileRef = 8763548C1D043F410091A029 /* Images.xcassets */; };
		876354901D043F410091A029 /* LaunchScreen.xib in Resources */ = {isa = PBXBuildFile; fileRef = 8763548E1D043F410091A029 /* LaunchScreen.xib */; };
		8763549C1D043F410091A029 /* PizzaTests.m in Sources */ = {isa = PBXBuildFile; fileRef = 8763549B1D043F410091A029 /* PizzaTests.m */; };
/* End PBXBuildFile section */

/* Begin PBXContainerItemProxy section */
		876354961D043F410091A029 /* PBXContainerItemProxy */ = {
			isa = PBXContainerItemProxy;
			containerPortal = 876354711D043F410091A029 /* Project object */;
			proxyType = 1;
			remoteGlobalIDString = 876354781D043F410091A029;
			remoteInfo = Pizza;
		};
/* End PBXContainerItemProxy section */

/* Begin PBXFileReference section */
		876354791D043F410091A029 /* Pizza.app */ = {isa = PBXFileReference; explicitFileType = wrapper.application; includeInIndex = 0; path = Pizza.app; sourceTree = BUILT_PRODUCTS_DIR; };
		8763547D1D043F410091A029 /* Info.plist */ = {isa = PBXFileReference; lastKnownFileType = text.plist.xml; path = Info.plist; sourceTree = "<group>"; };
		8763547E1D043F410091A029 /* main.m */ = {isa = PBXFileReference; lastKnownFileType = sourcecode.c.objc; path = main.m; sourceTree = "<group>"; };
		876354801D043F410091A029 /* AppDelegate.h */ = {isa = PBXFileReference; lastKnownFileType = sourcecode.c.h; path = AppDelegate.h; sourceTree = "<group>"; };
		876354811D043F410091A029 /* AppDelegate.m */ = {isa = PBXFileReference; lastKnownFileType = sourcecode.c.objc; path = AppDelegate.m; sourceTree = "<group>"; };
		876354831D043F410091A029 /* FirstViewController.h */ = {isa = PBXFileReference; lastKnownFileType = sourcecode.c.h; path = FirstViewController.h; sourceTree = "<group>"; };
		876354841D043F410091A029 /* FirstViewController.m */ = {isa = PBXFileReference; lastKnownFileType = sourcecode.c.objc; path = FirstViewController.m; sourceTree = "<group>"; };
		876354861D043F410091A029 /* SecondViewController.h */ = {isa = PBXFileReference; lastKnownFileType = sourcecode.c.h; path = SecondViewController.h; sourceTree = "<group>"; };
		876354871D043F410091A029 /* SecondViewController.m */ = {isa = PBXFileReference; lastKnownFileType = sourcecode.c.objc; path = SecondViewController.m; sourceTree = "<group>"; };
		8763548A1D043F410091A029 /* Base */ = {isa = PBXFileReference; lastKnownFileType = file.storyboard; name = Base; path = Base.lproj/Main.storyboard; sourceTree = "<group>"; };
		8763548C1D043F410091A029 /* Images.xcassets */ = {isa = PBXFileReference; lastKnownFileType = folder.assetcatalog; path = Images.xcassets; sourceTree = "<group>"; };
		8763548F1D043F410091A029 /* Base */ = {isa = PBXFileReference; lastKnownFileType = file.xib; name = Base; path = Base.lproj/LaunchScreen.xib; sourceTree = "<group>"; };
		876354951D043F410091A029 /* PizzaTests.xctest */ = {isa = PBXFileReference; explicitFileType = wrapper.cfbundle; includeInIndex = 0; path = PizzaTests.xctest; sourceTree = BUILT_PRODUCTS_DIR; };
		8763549A1D043F410091A029 /* Info.plist */ = {isa = PBXFileReference; lastKnownFileType = text.plist.xml; path = Info.plist; sourceTree = "<group>"; };
		8763549B1D043F410091A029 /* PizzaTests.m */ = {isa = PBXFileReference; lastKnownFileType = sourcecode.c.objc; path = PizzaTests.m; sourceTree = "<group>"; };
/* End PBXFileReference section */

/* Begin PBXFrameworksBuildPhase section */
		876354761D043F410091A029 /* Frameworks */ = {
			isa = PBXFrameworksBuildPhase;
			buildActionMask = 2147483647;
			files = (
			);
			runOnlyForDeploymentPostprocessing = 0;
		};
		876354921D043F410091A029 /* Frameworks */ = {
			isa = PBXFrameworksBuildPhase;
			buildActionMask = 2147483647;
			files = (
			);
			runOnlyForDeploymentPostprocessing = 0;
		};
/* End PBXFrameworksBuildPhase section */

/* Begin PBXGroup section */
		876354701D043F410091A029 = {
			isa = PBXGroup;
			children = (
				8763547B1D043F410091A029 /* Pizza */,
				876354981D043F410091A029 /* PizzaTests */,
				8763547A1D043F410091A029 /* Products */,
			);
			sourceTree = "<group>";
		};
		8763547A1D043F410091A029 /* Products */ = {
			isa = PBXGroup;
			children = (
				876354791D043F410091A029 /* Pizza.app */,
				876354951D043F410091A029 /* PizzaTests.xctest */,
			);
			name = Products;
			sourceTree = "<group>";
		};
		8763547B1D043F410091A029 /* Pizza */ = {
			isa = PBXGroup;
			children = (
				876354801D043F410091A029 /* AppDelegate.h */,
				876354811D043F410091A029 /* AppDelegate.m */,
				876354831D043F410091A029 /* FirstViewController.h */,
				876354841D043F410091A029 /* FirstViewController.m */,
				876354861D043F410091A029 /* SecondViewController.h */,
				876354871D043F410091A029 /* SecondViewController.m */,
				876354891D043F410091A029 /* Main.storyboard */,
				8763548C1D043F410091A029 /* Images.xcassets */,
				8763548E1D043F410091A029 /* LaunchScreen.xib */,
				8763547C1D043F410091A029 /* Supporting Files */,
			);
			path = Pizza;
			sourceTree = "<group>";
		};
		8763547C1D043F410091A029 /* Supporting Files */ = {
			isa = PBXGroup;
			children = (
				8763547D1D043F410091A029 /* Info.plist */,
				8763547E1D043F410091A029 /* main.m */,
			);
			name = "Supporting Files";
			sourceTree = "<group>";
		};
		876354981D043F410091A029 /* PizzaTests */ = {
			isa = PBXGroup;
			children = (
				8763549B1D043F410091A029 /* PizzaTests.m */,
				876354991D043F410091A029 /* Supporting Files */,
			);
			path = PizzaTests;
			sourceTree = "<group>";
		};
		876354991D043F410091A029 /* Supporting Files */ = {
			isa = PBXGroup;
			children = (
				8763549A1D043F410091A029 /* Info.plist */,
			);
			name = "Supporting Files";
			sourceTree = "<group>";
		};
/* End PBXGroup section */

/* Begin PBXNativeTarget section */
		876354781D043F410091A029 /* Pizza */ = {
			isa = PBXNativeTarget;
			buildConfigurationList = 8763549F1D043F410091A029 /* Build configuration list for PBXNativeTarget "Pizza" */;
			buildPhases = (
				876354751D043F410091A029 /* Sources */,
				876354761D043F410091A029 /* Frameworks */,
				876354771D043F410091A029 /* Resources */,
			);
			buildRules = (
			);
			dependencies = (
			);
			name = Pizza;
			productName = Pizza;
			productReference = 876354791D043F410091A029 /* Pizza.app */;
			productType = "com.apple.product-type.application";
		};
		876354941D043F410091A029 /* PizzaTests */ = {
			isa = PBXNativeTarget;
			buildConfigurationList = 876354A21D043F410091A029 /* Build configuration list for PBXNativeTarget "PizzaTests" */;
			buildPhases = (
				876354911D043F410091A029 /* Sources */,
				876354921D043F410091A029 /* Frameworks */,
				876354931D043F410091A029 /* Resources */,
			);
			buildRules = (
			);
			dependencies = (
				876354971D043F410091A029 /* PBXTargetDependency */,
			);
			name = PizzaTests;
			productName = PizzaTests;
			productReference = 876354951D043F410091A029 /* PizzaTests.xctest */;
			productType = "com.apple.product-type.bundle.unit-test";
		};
/* End PBXNativeTarget section */

/* Begin PBXProject section */
		876354711D043F410091A029 /* Project object */ = {
			isa = PBXProject;
			attributes = {
				LastUpgradeCheck = 0630;
				ORGANIZATIONNAME = com.nikola;
				TargetAttributes = {
					876354781D043F410091A029 = {
						CreatedOnToolsVersion = 6.3.1;
					};
					876354941D043F410091A029 = {
						CreatedOnToolsVersion = 6.3.1;
						TestTargetID = 876354781D043F410091A029;
					};
				};
			};
			buildConfigurationList = 876354741D043F410091A029 /* Build configuration list for PBXProject "Pizza" */;
			compatibilityVersion = "Xcode 3.2";
			developmentRegion = English;
			hasScannedForEncodings = 0;
			knownRegions = (
				en,
				Base,
			);
			mainGroup = 876354701D043F410091A029;
			productRefGroup = 8763547A1D043F410091A029 /* Products */;
			projectDirPath = "";
			projectRoot = "";
			targets = (
				876354781D043F410091A029 /* Pizza */,
				876354941D043F410091A029 /* PizzaTests */,
			);
		};
/* End PBXProject section */

/* Begin PBXResourcesBuildPhase section */
		876354771D043F410091A029 /* Resources */ = {
			isa = PBXResourcesBuildPhase;
			buildActionMask = 2147483647;
			files = (
				8763548B1D043F410091A029 /* Main.storyboard in Resources */,
				876354901D043F410091A029 /* LaunchScreen.xib in Resources */,
				8763548D1D043F410091A029 /* Images.xcassets in Resources */,
			);
			runOnlyForDeploymentPostprocessing = 0;
		};
		876354931D043F410091A029 /* Resources */ = {
			isa = PBXResourcesBuildPhase;
			buildActionMask = 2147483647;
			files = (
			);
			runOnlyForDeploymentPostprocessing = 0;
		};
/* End PBXResourcesBuildPhase section */

/* Begin PBXSourcesBuildPhase section */
		876354751D043F410091A029 /* Sources */ = {
			isa = PBXSourcesBuildPhase;
			buildActionMask = 2147483647;
			files = (
				876354881D043F410091A029 /* SecondViewController.m in Sources */,
				876354821D043F410091A029 /* AppDelegate.m in Sources */,
				876354851D043F410091A029 /* FirstViewController.m in Sources */,
				8763547F1D043F410091A029 /* main.m in Sources */,
			);
			runOnlyForDeploymentPostprocessing = 0;
		};
		876354911D043F410091A029 /* Sources */ = {
			isa = PBXSourcesBuildPhase;
			buildActionMask = 2147483647;
			files = (
				8763549C1D043F410091A029 /* PizzaTests.m in Sources */,
			);
			runOnlyForDeploymentPostprocessing = 0;
		};
/* End PBXSourcesBuildPhase section */

/* Begin PBXTargetDependency section */
		876354971D043F410091A029 /* PBXTargetDependency */ = {
			isa = PBXTargetDependency;
			target = 876354781D043F410091A029 /* Pizza */;
			targetProxy = 876354961D043F410091A029 /* PBXContainerItemProxy */;
		};
/* End PBXTargetDependency section */

/* Begin PBXVariantGroup section */
		876354891D043F410091A029 /* Main.storyboard */ = {
			isa = PBXVariantGroup;
			children = (
				8763548A1D043F410091A029 /* Base */,
			);
			name = Main.storyboard;
			sourceTree = "<group>";
		};
		8763548E1D043F410091A029 /* LaunchScreen.xib */ = {
			isa = PBXVariantGroup;
			children = (
				8763548F1D043F410091A029 /* Base */,
			);
			name = LaunchScreen.xib;
			sourceTree = "<group>";
		};
/* End PBXVariantGroup section */

/* Begin XCBuildConfiguration section */
		8763549D1D043F410091A029 /* Debug */ = {
			isa = XCBuildConfiguration;
			buildSettings = {
				ALWAYS_SEARCH_USER_PATHS = NO;
				CLANG_CXX_LANGUAGE_STANDARD = "gnu++0x";
				CLANG_CXX_LIBRARY = "libc++";
				CLANG_ENABLE_MODULES = YES;
				CLANG_ENABLE_OBJC_ARC = YES;
				CLANG_WARN_BOOL_CONVERSION = YES;
				CLANG_WARN_CONSTANT_CONVERSION = YES;
				CLANG_WARN_DIRECT_OBJC_ISA_USAGE = YES_ERROR;
				CLANG_WARN_EMPTY_BODY = YES;
				CLANG_WARN_ENUM_CONVERSION = YES;
				CLANG_WARN_INT_CONVERSION = YES;
				CLANG_WARN_OBJC_ROOT_CLASS = YES_ERROR;
				CLANG_WARN_UNREACHABLE_CODE = YES;
				CLANG_WARN__DUPLICATE_METHOD_MATCH = YES;
				"CODE_SIGN_IDENTITY[sdk=iphoneos*]" = "iPhone Developer";
				COPY_PHASE_STRIP = NO;
				DEBUG_INFORMATION_FORMAT = "dwarf-with-dsym";
				ENABLE_STRICT_OBJC_MSGSEND = YES;
				GCC_C_LANGUAGE_STANDARD = gnu99;
				GCC_DYNAMIC_NO_PIC = NO;
				GCC_NO_COMMON_BLOCKS = YES;
				GCC_OPTIMIZATION_LEVEL = 0;
				GCC_PREPROCESSOR_DEFINITIONS = (
					"DEBUG=1",
					"$(inherited)",
				);
				GCC_SYMBOLS_PRIVATE_EXTERN = NO;
				GCC_WARN_64_TO_32_BIT_CONVERSION = YES;
				GCC_WARN_ABOUT_RETURN_TYPE = YES_ERROR;
				GCC_WARN_UNDECLARED_SELECTOR = YES;
				GCC_WARN_UNINITIALIZED_AUTOS = YES_AGGRESSIVE;
				GCC_WARN_UNUSED_FUNCTION = YES;
				GCC_WARN_UNUSED_VARIABLE = YES;
				IPHONEOS_DEPLOYMENT_TARGET = 8.3;
				MTL_ENABLE_DEBUG_INFO = YES;
				ONLY_ACTIVE_ARCH = YES;
				SDKROOT = iphoneos;
				TARGETED_DEVICE_FAMILY = "1,2";
			};
			name = Debug;
		};
		8763549E1D043F410091A029 /* Release */ = {
			isa = XCBuildConfiguration;
			buildSettings = {
				ALWAYS_SEARCH_USER_PATHS = NO;
				CLANG_CXX_LANGUAGE_STANDARD = "gnu++0x";
				CLANG_CXX_LIBRARY = "libc++";
				CLANG_ENABLE_MODULES = YES;
				CLANG_ENABLE_OBJC_ARC = YES;
				CLANG_WARN_BOOL_CONVERSION = YES;
				CLANG_WARN_CONSTANT_CONVERSION = YES;
				CLANG_WARN_DIRECT_OBJC_ISA_USAGE = YES_ERROR;
				CLANG_WARN_EMPTY_BODY = YES;
				CLANG_WARN_ENUM_CONVERSION = YES;
				CLANG_WARN_INT_CONVERSION = YES;
				CLANG_WARN_OBJC_ROOT_CLASS = YES_ERROR;
				CLANG_WARN_UNREACHABLE_CODE = YES;
				CLANG_WARN__DUPLICATE_METHOD_MATCH = YES;
				"CODE_SIGN_IDENTITY[sdk=iphoneos*]" = "iPhone Developer";
				COPY_PHASE_STRIP = NO;
				DEBUG_INFORMATION_FORMAT = "dwarf-with-dsym";
				ENABLE_NS_ASSERTIONS = NO;
				ENABLE_STRICT_OBJC_MSGSEND = YES;
				GCC_C_LANGUAGE_STANDARD = gnu99;
				GCC_NO_COMMON_BLOCKS = YES;
				GCC_WARN_64_TO_32_BIT_CONVERSION = YES;
				GCC_WARN_ABOUT_RETURN_TYPE = YES_ERROR;
				GCC_WARN_UNDECLARED_SELECTOR = YES;
				GCC_WARN_UNINITIALIZED_AUTOS = YES_AGGRESSIVE;
				GCC_WARN_UNUSED_FUNCTION = YES;
				GCC_WARN_UNUSED_VARIABLE = YES;
				IPHONEOS_DEPLOYMENT_TARGET = 8.3;
				MTL_ENABLE_DEBUG_INFO = NO;
				SDKROOT = iphoneos;
				TARGETED_DEVICE_FAMILY = "1,2";
				VALIDATE_PRODUCT = YES;
			};
			name = Release;
		};
		876354A01D043F410091A029 /* Debug */ = {
			isa = XCBuildConfiguration;
			buildSettings = {
				ASSETCATALOG_COMPILER_APPICON_NAME = AppIcon;
				INFOPLIST_FILE = Pizza/Info.plist;
				LD_RUNPATH_SEARCH_PATHS = "$(inherited) @executable_path/Frameworks";
				PRODUCT_NAME = "$(TARGET_NAME)";
			};
			name = Debug;
		};
		876354A11D043F410091A029 /* Release */ = {
			isa = XCBuildConfiguration;
			buildSettings = {
				ASSETCATALOG_COMPILER_APPICON_NAME = AppIcon;
				INFOPLIST_FILE = Pizza/Info.plist;
				LD_RUNPATH_SEARCH_PATHS = "$(inherited) @executable_path/Frameworks";
				PRODUCT_NAME = "$(TARGET_NAME)";
			};
			name = Release;
		};
		876354A31D043F410091A029 /* Debug */ = {
			isa = XCBuildConfiguration;
			buildSettings = {
				BUNDLE_LOADER = "$(TEST_HOST)";
				FRAMEWORK_SEARCH_PATHS = (
					"$(SDKROOT)/Developer/Library/Frameworks",
					"$(inherited)",
				);
				GCC_PREPROCESSOR_DEFINITIONS = (
					"DEBUG=1",
					"$(inherited)",
				);
				INFOPLIST_FILE = PizzaTests/Info.plist;
				LD_RUNPATH_SEARCH_PATHS = "$(inherited) @executable_path/Frameworks @loader_path/Frameworks";
				PRODUCT_NAME = "$(TARGET_NAME)";
				TEST_HOST = "$(BUILT_PRODUCTS_DIR)/Pizza.app/Pizza";
			};
			name = Debug;
		};
		876354A41D043F410091A029 /* Release */ = {
			isa = XCBuildConfiguration;
			buildSettings = {
				BUNDLE_LOADER = "$(TEST_HOST)";
				FRAMEWORK_SEARCH_PATHS = (
					"$(SDKROOT)/Developer/Library/Frameworks",
					"$(inherited)",
				);
				INFOPLIST_FILE = PizzaTests/Info.plist;
				LD_RUNPATH_SEARCH_PATHS = "$(inherited) @executable_path/Frameworks @loader_path/Frameworks";
				PRODUCT_NAME = "$(TARGET_NAME)";
				TEST_HOST = "$(BUILT_PRODUCTS_DIR)/Pizza.app/Pizza";
			};
			name = Release;
		};
/* End XCBuildConfiguration section */

/* Begin XCConfigurationList section */
		876354741D043F410091A029 /* Build configuration list for PBXProject "Pizza" */ = {
			isa = XCConfigurationList;
			buildConfigurations = (
				8763549D1D043F410091A029 /* Debug */,
				8763549E1D043F410091A029 /* Release */,
			);
			defaultConfigurationIsVisible = 0;
			defaultConfigurationName = Release;
		};
		8763549F1D043F410091A029 /* Build configuration list for PBXNativeTarget "Pizza" */ = {
			isa = XCConfigurationList;
			buildConfigurations = (
				876354A01D043F410091A029 /* Debug */,
				876354A11D043F410091A029 /* Release */,
			);
			defaultConfigurationIsVisible = 0;
		};
		876354A21D043F410091A029 /* Build configuration list for PBXNativeTarget "PizzaTests" */ = {
			isa = XCConfigurationList;
			buildConfigurations = (
				876354A31D043F410091A029 /* Debug */,
				876354A41D043F410091A029 /* Release */,
			);
			defaultConfigurationIsVisible = 0;
		};
/* End XCConfigurationList section */
	};
	rootObject = 876354711D043F410091A029 /* Project object */;
}
